PODS:
  - battery_plus (1.0.0):
    - Flutter
  - Flutter (1.0.0)
  - xplpc (1.0.0):
    - Flutter

DEPENDENCIES:
  - battery_plus (from `.symlinks/plugins/battery_plus/ios`)
  - Flutter (from `Flutter`)
  - xplpc (from `.symlinks/plugins/xplpc/ios`)

EXTERNAL SOURCES:
  battery_plus:
    :path: ".symlinks/plugins/battery_plus/ios"
  Flutter:
    :path: Flutter
  xplpc:
    :path: ".symlinks/plugins/xplpc/ios"

SPEC CHECKSUMS:
  battery_plus: 7851ab482c336dd101ae735dc9363f01e1223c7c
  Flutter: f04841e97a9d0b0a8025694d0796dd46242b2854
  xplpc: 01b22e6311da65e3bf8208d9aed22223255ce047

PODFILE CHECKSUM: 6998435987a000fdec9b2e1b5b1eef6d54bdba77

COCOAPODS: 1.12.1
