PODS:
  - battery_plus (0.0.1):
    - FlutterMacOS
  - FlutterMacOS (1.0.0)
  - xplpc (1.0.0):
    - FlutterMacOS

DEPENDENCIES:
  - battery_plus (from `Flutter/ephemeral/.symlinks/plugins/battery_plus/macos`)
  - FlutterMacOS (from `Flutter/ephemeral`)
  - xplpc (from `Flutter/ephemeral/.symlinks/plugins/xplpc/macos`)

EXTERNAL SOURCES:
  battery_plus:
    :path: Flutter/ephemeral/.symlinks/plugins/battery_plus/macos
  FlutterMacOS:
    :path: Flutter/ephemeral
  xplpc:
    :path: Flutter/ephemeral/.symlinks/plugins/xplpc/macos

SPEC CHECKSUMS:
  battery_plus: f51ad29136e025b714b96f7d096f44f604615da7
  FlutterMacOS: d0db08ddef1a9af05a5ec4b724367152bb0500b1
  xplpc: ba45f3221b0c6cbfc27e5111224c53bed3e477d7

PODFILE CHECKSUM: 0d3963a09fc94f580682bd88480486da345dc3f0

COCOAPODS: 1.16.2
